
Microsoft Visual Studio Solution File, Format Version 12.00
# Visual Studio Version 17
VisualStudioVersion = 17.0.31903.59
MinimumVisualStudioVersion = 10.0.40219.1
Project("{2150E333-8FDC-42A3-9474-1A3956D46DE8}") = "backend", "backend", "{11E31357-8FD1-4BC1-9EBB-7BFF54CA9BCA}"
EndProject
Project("{FAE04EC0-301F-11D3-BF4B-00C04F79EFBC}") = "FixFlow.Api", "backend\FixFlow.Api\FixFlow.Api.csproj", "{37F59E66-9004-4540-B08A-6C21F5930047}"
EndProject
Project("{FAE04EC0-301F-11D3-BF4B-00C04F79EFBC}") = "FixFlow.Application", "backend\FixFlow.Application\FixFlow.Application.csproj", "{FB1A55D3-91EB-4E5F-974D-90021CF941BE}"
EndProject
Project("{FAE04EC0-301F-11D3-BF4B-00C04F79EFBC}") = "FixFlow.Domain", "backend\FixFlow.Domain\FixFlow.Domain.csproj", "{3196B10A-8502-492A-AC30-F7199EF1C1DC}"
EndProject
Project("{FAE04EC0-301F-11D3-BF4B-00C04F79EFBC}") = "FixFlow.Infrastructure", "backend\FixFlow.Infrastructure\FixFlow.Infrastructure.csproj", "{0EEC67EB-46E4-4C7D-A823-24CAEC72A717}"
EndProject
Project("{FAE04EC0-301F-11D3-BF4B-00C04F79EFBC}") = "FixFlow.Tests", "backend\FixFlow.Tests\FixFlow.Tests.csproj", "{6A83ED6F-69F2-4BA1-8CD0-86AE7A9D1C33}"
EndProject
Global
	GlobalSection(SolutionConfigurationPlatforms) = preSolution
		Debug|Any CPU = Debug|Any CPU
		Release|Any CPU = Release|Any CPU
	EndGlobalSection
	GlobalSection(SolutionProperties) = preSolution
		HideSolutionNode = FALSE
	EndGlobalSection
	GlobalSection(ProjectConfigurationPlatforms) = postSolution
		{37F59E66-9004-4540-B08A-6C21F5930047}.Debug|Any CPU.ActiveCfg = Debug|Any CPU
		{37F59E66-9004-4540-B08A-6C21F5930047}.Debug|Any CPU.Build.0 = Debug|Any CPU
		{37F59E66-9004-4540-B08A-6C21F5930047}.Release|Any CPU.ActiveCfg = Release|Any CPU
		{37F59E66-9004-4540-B08A-6C21F5930047}.Release|Any CPU.Build.0 = Release|Any CPU
		{FB1A55D3-91EB-4E5F-974D-90021CF941BE}.Debug|Any CPU.ActiveCfg = Debug|Any CPU
		{FB1A55D3-91EB-4E5F-974D-90021CF941BE}.Debug|Any CPU.Build.0 = Debug|Any CPU
		{FB1A55D3-91EB-4E5F-974D-90021CF941BE}.Release|Any CPU.ActiveCfg = Release|Any CPU
		{FB1A55D3-91EB-4E5F-974D-90021CF941BE}.Release|Any CPU.Build.0 = Release|Any CPU
		{3196B10A-8502-492A-AC30-F7199EF1C1DC}.Debug|Any CPU.ActiveCfg = Debug|Any CPU
		{3196B10A-8502-492A-AC30-F7199EF1C1DC}.Debug|Any CPU.Build.0 = Debug|Any CPU
		{3196B10A-8502-492A-AC30-F7199EF1C1DC}.Release|Any CPU.ActiveCfg = Release|Any CPU
		{3196B10A-8502-492A-AC30-F7199EF1C1DC}.Release|Any CPU.Build.0 = Release|Any CPU
		{0EEC67EB-46E4-4C7D-A823-24CAEC72A717}.Debug|Any CPU.ActiveCfg = Debug|Any CPU
		{0EEC67EB-46E4-4C7D-A823-24CAEC72A717}.Debug|Any CPU.Build.0 = Debug|Any CPU
		{0EEC67EB-46E4-4C7D-A823-24CAEC72A717}.Release|Any CPU.ActiveCfg = Release|Any CPU
		{0EEC67EB-46E4-4C7D-A823-24CAEC72A717}.Release|Any CPU.Build.0 = Release|Any CPU
		{6A83ED6F-69F2-4BA1-8CD0-86AE7A9D1C33}.Debug|Any CPU.ActiveCfg = Debug|Any CPU
		{6A83ED6F-69F2-4BA1-8CD0-86AE7A9D1C33}.Debug|Any CPU.Build.0 = Debug|Any CPU
		{6A83ED6F-69F2-4BA1-8CD0-86AE7A9D1C33}.Release|Any CPU.ActiveCfg = Release|Any CPU
		{6A83ED6F-69F2-4BA1-8CD0-86AE7A9D1C33}.Release|Any CPU.Build.0 = Release|Any CPU
	EndGlobalSection
	GlobalSection(NestedProjects) = preSolution
		{37F59E66-9004-4540-B08A-6C21F5930047} = {11E31357-8FD1-4BC1-9EBB-7BFF54CA9BCA}
		{FB1A55D3-91EB-4E5F-974D-90021CF941BE} = {11E31357-8FD1-4BC1-9EBB-7BFF54CA9BCA}
		{3196B10A-8502-492A-AC30-F7199EF1C1DC} = {11E31357-8FD1-4BC1-9EBB-7BFF54CA9BCA}
		{0EEC67EB-46E4-4C7D-A823-24CAEC72A717} = {11E31357-8FD1-4BC1-9EBB-7BFF54CA9BCA}
		{6A83ED6F-69F2-4BA1-8CD0-86AE7A9D1C33} = {11E31357-8FD1-4BC1-9EBB-7BFF54CA9BCA}
	EndGlobalSection
EndGlobal
